
Microsoft Visual Studio Solution File, Format Version 12.00
# Visual Studio Version 17
VisualStudioVersion = 17.12.35506.116 d17.12
MinimumVisualStudioVersion = 10.0.40219.1
Project("{FAE04EC0-301F-11D3-BF4B-00C04F79EFBC}") = "AadharUpdateAPI", "AadharUpdateAPI\AadharUpdateAPI.csproj", "{FD203D2B-339A-4663-B54B-E854C7EFE2EA}"
EndProject
Project("{FAE04EC0-301F-11D3-BF4B-00C04F79EFBC}") = "AadharUpdateMVC", "AadharUpdateMVC\AadharUpdateMVC.csproj", "{00D129E2-AD10-4D13-82E3-7AA7A5A7BA8E}"
EndProject
Global
	GlobalSection(SolutionConfigurationPlatforms) = preSolution
		Debug|Any CPU = Debug|Any CPU
		Release|Any CPU = Release|Any CPU
	EndGlobalSection
	GlobalSection(ProjectConfigurationPlatforms) = postSolution
		{FD203D2B-339A-4663-B54B-E854C7EFE2EA}.Debug|Any CPU.ActiveCfg = Debug|Any CPU
		{FD203D2B-339A-4663-B54B-E854C7EFE2EA}.Debug|Any CPU.Build.0 = Debug|Any CPU
		{FD203D2B-339A-4663-B54B-E854C7EFE2EA}.Release|Any CPU.ActiveCfg = Release|Any CPU
		{FD203D2B-339A-4663-B54B-E854C7EFE2EA}.Release|Any CPU.Build.0 = Release|Any CPU
		{00D129E2-AD10-4D13-82E3-7AA7A5A7BA8E}.Debug|Any CPU.ActiveCfg = Debug|Any CPU
		{00D129E2-AD10-4D13-82E3-7AA7A5A7BA8E}.Debug|Any CPU.Build.0 = Debug|Any CPU
		{00D129E2-AD10-4D13-82E3-7AA7A5A7BA8E}.Release|Any CPU.ActiveCfg = Release|Any CPU
		{00D129E2-AD10-4D13-82E3-7AA7A5A7BA8E}.Release|Any CPU.Build.0 = Release|Any CPU
	EndGlobalSection
	GlobalSection(SolutionProperties) = preSolution
		HideSolutionNode = FALSE
	EndGlobalSection
EndGlobal
